<?xml version="1.0" encoding="utf-8"?>
<Project ToolsVersion="4.0" xmlns="http://schemas.microsoft.com/developer/msbuild/2003">
  <ItemGroup>
    <Filter Include="源文件">
      <UniqueIdentifier>{4FC737F1-C7A5-4376-A066-2A32D752A2FF}</UniqueIdentifier>
      <Extensions>cpp;c;cc;cxx;c++;cppm;ixx;def;odl;idl;hpj;bat;asm;asmx</Extensions>
    </Filter>
    <Filter Include="头文件">
      <UniqueIdentifier>{93995380-89BD-4b04-88EB-625FBE52EBFB}</UniqueIdentifier>
      <Extensions>h;hh;hpp;hxx;h++;hm;inl;inc;ipp;xsd</Extensions>
    </Filter>
    <Filter Include="资源文件">
      <UniqueIdentifier>{67DA6AB6-F800-4c08-8B7A-83BB121AAD01}</UniqueIdentifier>
      <Extensions>rc;ico;cur;bmp;dlg;rc2;rct;bin;rgs;gif;jpg;jpeg;jpe;resx;tiff;tif;png;wav;mfcribbon-ms</Extensions>
    </Filter>
  </ItemGroup>
  <ItemGroup>
    <ClCompile Include="main.cpp">
      <Filter>源文件</Filter>
    </ClCompile>
    <ClCompile Include="dlpc_common.c">
      <Filter>源文件</Filter>
    </ClCompile>
    <ClCompile Include="dlpc34xx.c">
      <Filter>源文件</Filter>
    </ClCompile>
    <ClCompile Include="dlpc34xx_dual.c">
      <Filter>源文件</Filter>
    </ClCompile>
    <ClCompile Include="dlpc347x_internal_patterns.c">
      <Filter>源文件</Filter>
    </ClCompile>
    <ClCompile Include="dlpc654x.c">
      <Filter>源文件</Filter>
    </ClCompile>
    <ClCompile Include="DlpUsbI2cTransport.cpp">
      <Filter>源文件</Filter>
    </ClCompile>
    <ClCompile Include="DlpProjectorScanner.cpp">
      <Filter>源文件</Filter>
    </ClCompile>
    <ClCompile Include="HikCameraController.cpp">
      <Filter>源文件</Filter>
    </ClCompile>
  </ItemGroup>
  <ItemGroup>
    <ClInclude Include="dlpc_common.h">
      <Filter>头文件</Filter>
    </ClInclude>
    <ClInclude Include="dlpc_common_private.h">
      <Filter>头文件</Filter>
    </ClInclude>
    <ClInclude Include="dlpc34xx.h">
      <Filter>头文件</Filter>
    </ClInclude>
    <ClInclude Include="dlpc34xx_dual.h">
      <Filter>头文件</Filter>
    </ClInclude>
    <ClInclude Include="dlpc347x_internal_patterns.h">
      <Filter>头文件</Filter>
    </ClInclude>
    <ClInclude Include="dlpc654x.h">
      <Filter>头文件</Filter>
    </ClInclude>
    <ClInclude Include="third_party\cyusbserial\CyUSBSerial.h">
      <Filter>头文件</Filter>
    </ClInclude>
    <ClInclude Include="third_party\usbi2cio\Usbi2cio.h">
      <Filter>头文件</Filter>
    </ClInclude>
    <ClInclude Include="DlpUsbI2cTransport.h">
      <Filter>头文件</Filter>
    </ClInclude>
    <ClInclude Include="DlpProjectorScanner.h">
      <Filter>头文件</Filter>
    </ClInclude>
    <ClInclude Include="HikCameraController.h">
      <Filter>头文件</Filter>
    </ClInclude>
    <ClInclude Include="MVS\CameraParams.h">
      <Filter>头文件</Filter>
    </ClInclude>
    <ClInclude Include="MVS\MvCameraControl.h">
      <Filter>头文件</Filter>
    </ClInclude>
    <ClInclude Include="MVS\MvErrorDefine.h">
      <Filter>头文件</Filter>
    </ClInclude>
    <ClInclude Include="MVS\MvISPErrorDefine.h">
      <Filter>头文件</Filter>
    </ClInclude>
    <ClInclude Include="MVS\MvObsoleteInterfaces.h">
      <Filter>头文件</Filter>
    </ClInclude>
    <ClInclude Include="MVS\ObsoleteCamParams.h">
      <Filter>头文件</Filter>
    </ClInclude>
    <ClInclude Include="MVS\PixelType.h">
      <Filter>头文件</Filter>
    </ClInclude>
  </ItemGroup>
</Project>
